
Microsoft Visual Studio Solution File, Format Version 12.00
# Visual Studio 2013
VisualStudioVersion = 12.0.21005.1
MinimumVisualStudioVersion = 10.0.40219.1
Project("{8BC9CEB8-8B4A-11D0-8D11-00A0C91BC942}") = "ExcelTransfer", "ExcelTransfer\ExcelTransfer.vcxproj", "{8131A409-714D-4BA5-B0C1-9CF61BDB049D}"
EndProject
Global
	GlobalSection(SolutionConfigurationPlatforms) = preSolution
		Debug|Win32 = Debug|Win32
		Release|Win32 = Release|Win32
	EndGlobalSection
	GlobalSection(ProjectConfigurationPlatforms) = postSolution
		{8131A409-714D-4BA5-B0C1-9CF61BDB049D}.Debug|Win32.ActiveCfg = Debug|Win32
		{8131A409-714D-4BA5-B0C1-9CF61BDB049D}.Debug|Win32.Build.0 = Debug|Win32
		{8131A409-714D-4BA5-B0C1-9CF61BDB049D}.Release|Win32.ActiveCfg = Release|Win32
		{8131A409-714D-4BA5-B0C1-9CF61BDB049D}.Release|Win32.Build.0 = Release|Win32
	EndGlobalSection
	GlobalSection(SolutionProperties) = preSolution
		HideSolutionNode = FALSE
	EndGlobalSection
EndGlobal
